
Microsoft Visual Studio Solution File, Format Version 12.00
# Visual Studio Version 17
VisualStudioVersion = 17.13.35919.96 d17.13
MinimumVisualStudioVersion = 10.0.40219.1
Project("{FAE04EC0-301F-11D3-BF4B-00C04F79EFBC}") = "ViaSignal", "ViaSignal\ViaSignal.csproj", "{8EE851A5-03AC-48F0-9008-DE9913C2D27E}"
EndProject
Project("{FAE04EC0-301F-11D3-BF4B-00C04F79EFBC}") = "MLModel_ConsoleApp1", "MLModel_ConsoleApp1\MLModel_ConsoleApp1.csproj", "{A3837F5A-250D-CC4E-F044-C40289B3D8B6}"
EndProject
Global
	GlobalSection(SolutionConfigurationPlatforms) = preSolution
		Debug|Any CPU = Debug|Any CPU
		Release|Any CPU = Release|Any CPU
	EndGlobalSection
	GlobalSection(ProjectConfigurationPlatforms) = postSolution
		{8EE851A5-03AC-48F0-9008-DE9913C2D27E}.Debug|Any CPU.ActiveCfg = Debug|Any CPU
		{8EE851A5-03AC-48F0-9008-DE9913C2D27E}.Debug|Any CPU.Build.0 = Debug|Any CPU
		{8EE851A5-03AC-48F0-9008-DE9913C2D27E}.Release|Any CPU.ActiveCfg = Release|Any CPU
		{8EE851A5-03AC-48F0-9008-DE9913C2D27E}.Release|Any CPU.Build.0 = Release|Any CPU
		{A3837F5A-250D-CC4E-F044-C40289B3D8B6}.Debug|Any CPU.ActiveCfg = Debug|Any CPU
		{A3837F5A-250D-CC4E-F044-C40289B3D8B6}.Debug|Any CPU.Build.0 = Debug|Any CPU
		{A3837F5A-250D-CC4E-F044-C40289B3D8B6}.Release|Any CPU.ActiveCfg = Release|Any CPU
		{A3837F5A-250D-CC4E-F044-C40289B3D8B6}.Release|Any CPU.Build.0 = Release|Any CPU
	EndGlobalSection
	GlobalSection(SolutionProperties) = preSolution
		HideSolutionNode = FALSE
	EndGlobalSection
EndGlobal
